// !$*UTF8*$!
{
	archiveVersion = 1;
	classes = {
	};
	objectVersion = 46;
	objects = {

/* Begin PBXBuildFile section */
		F12AC27616E2C29B00BAE607 /* UIKit.framework in Frameworks */ = {isa = PBXBuildFile; fileRef = F12AC27516E2C29B00BAE607 /* UIKit.framework */; };
		F12AC27816E2C29B00BAE607 /* Foundation.framework in Frameworks */ = {isa = PBXBuildFile; fileRef = F12AC27716E2C29B00BAE607 /* Foundation.framework */; };
		F12AC27A16E2C29B00BAE607 /* CoreGraphics.framework in Frameworks */ = {isa = PBXBuildFile; fileRef = F12AC27916E2C29B00BAE607 /* CoreGraphics.framework */; };
		F12AC28016E2C29B00BAE607 /* InfoPlist.strings in Resources */ = {isa = PBXBuildFile; fileRef = F12AC27E16E2C29B00BAE607 /* InfoPlist.strings */; };
		F12AC28216E2C29B00BAE607 /* main.m in Sources */ = {isa = PBXBuildFile; fileRef = F12AC28116E2C29B00BAE607 /* main.m */; };
		F12AC28616E2C29B00BAE607 /* AppDelegate.m in Sources */ = {isa = PBXBuildFile; fileRef = F12AC28516E2C29B00BAE607 /* AppDelegate.m */; };
		F12AC28816E2C29B00BAE607 /* Default.png in Resources */ = {isa = PBXBuildFile; fileRef = F12AC28716E2C29B00BAE607 /* Default.png */; };
		F12AC28A16E2C29B00BAE607 /* Default@2x.png in Resources */ = {isa = PBXBuildFile; fileRef = F12AC28916E2C29B00BAE607 /* Default@2x.png */; };
		F12AC28C16E2C29B00BAE607 /* Default-568h@2x.png in Resources */ = {isa = PBXBuildFile; fileRef = F12AC28B16E2C29B00BAE607 /* Default-568h@2x.png */; };
		F12AC28F16E2C29B00BAE607 /* MainStoryboard.storyboard in Resources */ = {isa = PBXBuildFile; fileRef = F12AC28D16E2C29B00BAE607 /* MainStoryboard.storyboard */; };
		F12AC29216E2C29B00BAE607 /* ViewController.m in Sources */ = {isa = PBXBuildFile; fileRef = F12AC29116E2C29B00BAE607 /* ViewController.m */; };
/* End PBXBuildFile section */

/* Begin PBXFileReference section */
		F12AC27216E2C29B00BAE607 /* YelpProject.app */ = {isa = PBXFileReference; explicitFileType = wrapper.application; includeInIndex = 0; path = YelpProject.app; sourceTree = BUILT_PRODUCTS_DIR; };
		F12AC27516E2C29B00BAE607 /* UIKit.framework */ = {isa = PBXFileReference; lastKnownFileType = wrapper.framework; name = UIKit.framework; path = System/Library/Frameworks/UIKit.framework; sourceTree = SDKROOT; };
		F12AC27716E2C29B00BAE607 /* Foundation.framework */ = {isa = PBXFileReference; lastKnownFileType = wrapper.framework; name = Foundation.framework; path = System/Library/Frameworks/Foundation.framework; sourceTree = SDKROOT; };
		F12AC27916E2C29B00BAE607 /* CoreGraphics.framework */ = {isa = PBXFileReference; lastKnownFileType = wrapper.framework; name = CoreGraphics.framework; path = System/Library/Frameworks/CoreGraphics.framework; sourceTree = SDKROOT; };
		F12AC27D16E2C29B00BAE607 /* YelpProject-Info.plist */ = {isa = PBXFileReference; lastKnownFileType = text.plist.xml; path = "YelpProject-Info.plist"; sourceTree = "<group>"; };
		F12AC27F16E2C29B00BAE607 /* en */ = {isa = PBXFileReference; lastKnownFileType = text.plist.strings; name = en; path = en.lproj/InfoPlist.strings; sourceTree = "<group>"; };
		F12AC28116E2C29B00BAE607 /* main.m */ = {isa = PBXFileReference; lastKnownFileType = sourcecode.c.objc; path = main.m; sourceTree = "<group>"; };
		F12AC28316E2C29B00BAE607 /* YelpProject-Prefix.pch */ = {isa = PBXFileReference; lastKnownFileType = sourcecode.c.h; path = "YelpProject-Prefix.pch"; sourceTree = "<group>"; };
		F12AC28416E2C29B00BAE607 /* AppDelegate.h */ = {isa = PBXFileReference; lastKnownFileType = sourcecode.c.h; path = AppDelegate.h; sourceTree = "<group>"; };
		F12AC28516E2C29B00BAE607 /* AppDelegate.m */ = {isa = PBXFileReference; lastKnownFileType = sourcecode.c.objc; path = AppDelegate.m; sourceTree = "<group>"; };
		F12AC28716E2C29B00BAE607 /* Default.png */ = {isa = PBXFileReference; lastKnownFileType = image.png; path = Default.png; sourceTree = "<group>"; };
		F12AC28916E2C29B00BAE607 /* Default@2x.png */ = {isa = PBXFileReference; lastKnownFileType = image.png; path = "Default@2x.png"; sourceTree = "<group>"; };
		F12AC28B16E2C29B00BAE607 /* Default-568h@2x.png */ = {isa = PBXFileReference; lastKnownFileType = image.png; path = "Default-568h@2x.png"; sourceTree = "<group>"; };
		F12AC28E16E2C29B00BAE607 /* en */ = {isa = PBXFileReference; lastKnownFileType = file.storyboard; name = en; path = en.lproj/MainStoryboard.storyboard; sourceTree = "<group>"; };
		F12AC29016E2C29B00BAE607 /* ViewController.h */ = {isa = PBXFileReference; lastKnownFileType = sourcecode.c.h; path = ViewController.h; sourceTree = "<group>"; };
		F12AC29116E2C29B00BAE607 /* ViewController.m */ = {isa = PBXFileReference; lastKnownFileType = sourcecode.c.objc; path = ViewController.m; sourceTree = "<group>"; };
/* End PBXFileReference section */

/* Begin PBXFrameworksBuildPhase section */
		F12AC26F16E2C29B00BAE607 /* Frameworks */ = {
			isa = PBXFrameworksBuildPhase;
			buildActionMask = 2147483647;
			files = (
				F12AC27616E2C29B00BAE607 /* UIKit.framework in Frameworks */,
				F12AC27816E2C29B00BAE607 /* Foundation.framework in Frameworks */,
				F12AC27A16E2C29B00BAE607 /* CoreGraphics.framework in Frameworks */,
			);
			runOnlyForDeploymentPostprocessing = 0;
		};
/* End PBXFrameworksBuildPhase section */

/* Begin PBXGroup section */
		F12AC26916E2C29B00BAE607 = {
			isa = PBXGroup;
			children = (
				F12AC27B16E2C29B00BAE607 /* YelpProject */,
				F12AC27416E2C29B00BAE607 /* Frameworks */,
				F12AC27316E2C29B00BAE607 /* Products */,
			);
			sourceTree = "<group>";
		};
		F12AC27316E2C29B00BAE607 /* Products */ = {
			isa = PBXGroup;
			children = (
				F12AC27216E2C29B00BAE607 /* YelpProject.app */,
			);
			name = Products;
			sourceTree = "<group>";
		};
		F12AC27416E2C29B00BAE607 /* Frameworks */ = {
			isa = PBXGroup;
			children = (
				F12AC27516E2C29B00BAE607 /* UIKit.framework */,
				F12AC27716E2C29B00BAE607 /* Foundation.framework */,
				F12AC27916E2C29B00BAE607 /* CoreGraphics.framework */,
			);
			name = Frameworks;
			sourceTree = "<group>";
		};
		F12AC27B16E2C29B00BAE607 /* YelpProject */ = {
			isa = PBXGroup;
			children = (
				F12AC28416E2C29B00BAE607 /* AppDelegate.h */,
				F12AC28516E2C29B00BAE607 /* AppDelegate.m */,
				F12AC28D16E2C29B00BAE607 /* MainStoryboard.storyboard */,
				F12AC29016E2C29B00BAE607 /* ViewController.h */,
				F12AC29116E2C29B00BAE607 /* ViewController.m */,
				F12AC27C16E2C29B00BAE607 /* Supporting Files */,
			);
			path = YelpProject;
			sourceTree = "<group>";
		};
		F12AC27C16E2C29B00BAE607 /* Supporting Files */ = {
			isa = PBXGroup;
			children = (
				F12AC27D16E2C29B00BAE607 /* YelpProject-Info.plist */,
				F12AC27E16E2C29B00BAE607 /* InfoPlist.strings */,
				F12AC28116E2C29B00BAE607 /* main.m */,
				F12AC28316E2C29B00BAE607 /* YelpProject-Prefix.pch */,
				F12AC28716E2C29B00BAE607 /* Default.png */,
				F12AC28916E2C29B00BAE607 /* Default@2x.png */,
				F12AC28B16E2C29B00BAE607 /* Default-568h@2x.png */,
			);
			name = "Supporting Files";
			sourceTree = "<group>";
		};
/* End PBXGroup section */

/* Begin PBXNativeTarget section */
		F12AC27116E2C29B00BAE607 /* YelpProject */ = {
			isa = PBXNativeTarget;
			buildConfigurationList = F12AC29516E2C29B00BAE607 /* Build configuration list for PBXNativeTarget "YelpProject" */;
			buildPhases = (
				F12AC26E16E2C29B00BAE607 /* Sources */,
				F12AC26F16E2C29B00BAE607 /* Frameworks */,
				F12AC27016E2C29B00BAE607 /* Resources */,
			);
			buildRules = (
			);
			dependencies = (
			);
			name = YelpProject;
			productName = YelpProject;
			productReference = F12AC27216E2C29B00BAE607 /* YelpProject.app */;
			productType = "com.apple.product-type.application";
		};
/* End PBXNativeTarget section */

/* Begin PBXProject section */
		F12AC26A16E2C29B00BAE607 /* Project object */ = {
			isa = PBXProject;
			attributes = {
				LastUpgradeCheck = 0460;
				ORGANIZATIONNAME = "Nirav Amin";
			};
			buildConfigurationList = F12AC26D16E2C29B00BAE607 /* Build configuration list for PBXProject "YelpProject" */;
			compatibilityVersion = "Xcode 3.2";
			developmentRegion = English;
			hasScannedForEncodings = 0;
			knownRegions = (
				en,
			);
			mainGroup = F12AC26916E2C29B00BAE607;
			productRefGroup = F12AC27316E2C29B00BAE607 /* Products */;
			projectDirPath = "";
			projectRoot = "";
			targets = (
				F12AC27116E2C29B00BAE607 /* YelpProject */,
			);
		};
/* End PBXProject section */

/* Begin PBXResourcesBuildPhase section */
		F12AC27016E2C29B00BAE607 /* Resources */ = {
			isa = PBXResourcesBuildPhase;
			buildActionMask = 2147483647;
			files = (
				F12AC28016E2C29B00BAE607 /* InfoPlist.strings in Resources */,
				F12AC28816E2C29B00BAE607 /* Default.png in Resources */,
				F12AC28A16E2C29B00BAE607 /* Default@2x.png in Resources */,
				F12AC28C16E2C29B00BAE607 /* Default-568h@2x.png in Resources */,
				F12AC28F16E2C29B00BAE607 /* MainStoryboard.storyboard in Resources */,
			);
			runOnlyForDeploymentPostprocessing = 0;
		};
/* End PBXResourcesBuildPhase section */

/* Begin PBXSourcesBuildPhase section */
		F12AC26E16E2C29B00BAE607 /* Sources */ = {
			isa = PBXSourcesBuildPhase;
			buildActionMask = 2147483647;
			files = (
				F12AC28216E2C29B00BAE607 /* main.m in Sources */,
				F12AC28616E2C29B00BAE607 /* AppDelegate.m in Sources */,
				F12AC29216E2C29B00BAE607 /* ViewController.m in Sources */,
			);
			runOnlyForDeploymentPostprocessing = 0;
		};
/* End PBXSourcesBuildPhase section */

/* Begin PBXVariantGroup section */
		F12AC27E16E2C29B00BAE607 /* InfoPlist.strings */ = {
			isa = PBXVariantGroup;
			children = (
				F12AC27F16E2C29B00BAE607 /* en */,
			);
			name = InfoPlist.strings;
			sourceTree = "<group>";
		};
		F12AC28D16E2C29B00BAE607 /* MainStoryboard.storyboard */ = {
			isa = PBXVariantGroup;
			children = (
				F12AC28E16E2C29B00BAE607 /* en */,
			);
			name = MainStoryboard.storyboard;
			sourceTree = "<group>";
		};
/* End PBXVariantGroup section */

/* Begin XCBuildConfiguration section */
		F12AC29316E2C29B00BAE607 /* Debug */ = {
			isa = XCBuildConfiguration;
			buildSettings = {
				ALWAYS_SEARCH_USER_PATHS = NO;
				CLANG_CXX_LANGUAGE_STANDARD = "gnu++0x";
				CLANG_CXX_LIBRARY = "libc++";
				CLANG_ENABLE_OBJC_ARC = YES;
				CLANG_WARN_CONSTANT_CONVERSION = YES;
				CLANG_WARN_EMPTY_BODY = YES;
				CLANG_WARN_ENUM_CONVERSION = YES;
				CLANG_WARN_INT_CONVERSION = YES;
				CLANG_WARN__DUPLICATE_METHOD_MATCH = YES;
				"CODE_SIGN_IDENTITY[sdk=iphoneos*]" = "iPhone Developer";
				COPY_PHASE_STRIP = NO;
				GCC_C_LANGUAGE_STANDARD = gnu99;
				GCC_DYNAMIC_NO_PIC = NO;
				GCC_OPTIMIZATION_LEVEL = 0;
				GCC_PREPROCESSOR_DEFINITIONS = (
					"DEBUG=1",
					"$(inherited)",
				);
				GCC_SYMBOLS_PRIVATE_EXTERN = NO;
				GCC_WARN_ABOUT_RETURN_TYPE = YES;
				GCC_WARN_UNINITIALIZED_AUTOS = YES;
				GCC_WARN_UNUSED_VARIABLE = YES;
				IPHONEOS_DEPLOYMENT_TARGET = 6.1;
				ONLY_ACTIVE_ARCH = YES;
				SDKROOT = iphoneos;
			};
			name = Debug;
		};
		F12AC29416E2C29B00BAE607 /* Release */ = {
			isa = XCBuildConfiguration;
			buildSettings = {
				ALWAYS_SEARCH_USER_PATHS = NO;
				CLANG_CXX_LANGUAGE_STANDARD = "gnu++0x";
				CLANG_CXX_LIBRARY = "libc++";
				CLANG_ENABLE_OBJC_ARC = YES;
				CLANG_WARN_CONSTANT_CONVERSION = YES;
				CLANG_WARN_EMPTY_BODY = YES;
				CLANG_WARN_ENUM_CONVERSION = YES;
				CLANG_WARN_INT_CONVERSION = YES;
				CLANG_WARN__DUPLICATE_METHOD_MATCH = YES;
				"CODE_SIGN_IDENTITY[sdk=iphoneos*]" = "iPhone Developer";
				COPY_PHASE_STRIP = YES;
				GCC_C_LANGUAGE_STANDARD = gnu99;
				GCC_WARN_ABOUT_RETURN_TYPE = YES;
				GCC_WARN_UNINITIALIZED_AUTOS = YES;
				GCC_WARN_UNUSED_VARIABLE = YES;
				IPHONEOS_DEPLOYMENT_TARGET = 6.1;
				OTHER_CFLAGS = "-DNS_BLOCK_ASSERTIONS=1";
				SDKROOT = iphoneos;
				VALIDATE_PRODUCT = YES;
			};
			name = Release;
		};
		F12AC29616E2C29B00BAE607 /* Debug */ = {
			isa = XCBuildConfiguration;
			buildSettings = {
				GCC_PRECOMPILE_PREFIX_HEADER = YES;
				GCC_PREFIX_HEADER = "YelpProject/YelpProject-Prefix.pch";
				INFOPLIST_FILE = "YelpProject/YelpProject-Info.plist";
				PRODUCT_NAME = "$(TARGET_NAME)";
				WRAPPER_EXTENSION = app;
			};
			name = Debug;
		};
		F12AC29716E2C29B00BAE607 /* Release */ = {
			isa = XCBuildConfiguration;
			buildSettings = {
				GCC_PRECOMPILE_PREFIX_HEADER = YES;
				GCC_PREFIX_HEADER = "YelpProject/YelpProject-Prefix.pch";
				INFOPLIST_FILE = "YelpProject/YelpProject-Info.plist";
				PRODUCT_NAME = "$(TARGET_NAME)";
				WRAPPER_EXTENSION = app;
			};
			name = Release;
		};
/* End XCBuildConfiguration section */

/* Begin XCConfigurationList section */
		F12AC26D16E2C29B00BAE607 /* Build configuration list for PBXProject "YelpProject" */ = {
			isa = XCConfigurationList;
			buildConfigurations = (
				F12AC29316E2C29B00BAE607 /* Debug */,
				F12AC29416E2C29B00BAE607 /* Release */,
			);
			defaultConfigurationIsVisible = 0;
			defaultConfigurationName = Release;
		};
		F12AC29516E2C29B00BAE607 /* Build configuration list for PBXNativeTarget "YelpProject" */ = {
			isa = XCConfigurationList;
			buildConfigurations = (
				F12AC29616E2C29B00BAE607 /* Debug */,
				F12AC29716E2C29B00BAE607 /* Release */,
			);
			defaultConfigurationIsVisible = 0;
		};
/* End XCConfigurationList section */
	};
	rootObject = F12AC26A16E2C29B00BAE607 /* Project object */;
}
