// !$*UTF8*$!
{
	archiveVersion = 1;
	classes = {
	};
	objectVersion = 46;
	objects = {

/* Begin PBXBuildFile section */
		F1549E3916CD98AC0053D0AC /* UIKit.framework in Frameworks */ = {isa = PBXBuildFile; fileRef = F1549E3816CD98AC0053D0AC /* UIKit.framework */; };
		F1549E3B16CD98AC0053D0AC /* Foundation.framework in Frameworks */ = {isa = PBXBuildFile; fileRef = F1549E3A16CD98AC0053D0AC /* Foundation.framework */; };
		F1549E3D16CD98AC0053D0AC /* CoreGraphics.framework in Frameworks */ = {isa = PBXBuildFile; fileRef = F1549E3C16CD98AC0053D0AC /* CoreGraphics.framework */; };
		F1549E4316CD98AC0053D0AC /* InfoPlist.strings in Resources */ = {isa = PBXBuildFile; fileRef = F1549E4116CD98AC0053D0AC /* InfoPlist.strings */; };
		F1549E4516CD98AC0053D0AC /* main.m in Sources */ = {isa = PBXBuildFile; fileRef = F1549E4416CD98AC0053D0AC /* main.m */; };
		F1549E4916CD98AC0053D0AC /* AppDelegate.m in Sources */ = {isa = PBXBuildFile; fileRef = F1549E4816CD98AC0053D0AC /* AppDelegate.m */; };
		F1549E4B16CD98AC0053D0AC /* Default.png in Resources */ = {isa = PBXBuildFile; fileRef = F1549E4A16CD98AC0053D0AC /* Default.png */; };
		F1549E4D16CD98AC0053D0AC /* Default@2x.png in Resources */ = {isa = PBXBuildFile; fileRef = F1549E4C16CD98AC0053D0AC /* Default@2x.png */; };
		F1549E4F16CD98AC0053D0AC /* Default-568h@2x.png in Resources */ = {isa = PBXBuildFile; fileRef = F1549E4E16CD98AC0053D0AC /* Default-568h@2x.png */; };
		F1549E5216CD98AC0053D0AC /* MainStoryboard.storyboard in Resources */ = {isa = PBXBuildFile; fileRef = F1549E5016CD98AC0053D0AC /* MainStoryboard.storyboard */; };
		F1549E5516CD98AC0053D0AC /* ViewController.m in Sources */ = {isa = PBXBuildFile; fileRef = F1549E5416CD98AC0053D0AC /* ViewController.m */; };
/* End PBXBuildFile section */

/* Begin PBXFileReference section */
		F1549E3516CD98AC0053D0AC /* TableViewCellProject.app */ = {isa = PBXFileReference; explicitFileType = wrapper.application; includeInIndex = 0; path = TableViewCellProject.app; sourceTree = BUILT_PRODUCTS_DIR; };
		F1549E3816CD98AC0053D0AC /* UIKit.framework */ = {isa = PBXFileReference; lastKnownFileType = wrapper.framework; name = UIKit.framework; path = System/Library/Frameworks/UIKit.framework; sourceTree = SDKROOT; };
		F1549E3A16CD98AC0053D0AC /* Foundation.framework */ = {isa = PBXFileReference; lastKnownFileType = wrapper.framework; name = Foundation.framework; path = System/Library/Frameworks/Foundation.framework; sourceTree = SDKROOT; };
		F1549E3C16CD98AC0053D0AC /* CoreGraphics.framework */ = {isa = PBXFileReference; lastKnownFileType = wrapper.framework; name = CoreGraphics.framework; path = System/Library/Frameworks/CoreGraphics.framework; sourceTree = SDKROOT; };
		F1549E4016CD98AC0053D0AC /* TableViewCellProject-Info.plist */ = {isa = PBXFileReference; lastKnownFileType = text.plist.xml; path = "TableViewCellProject-Info.plist"; sourceTree = "<group>"; };
		F1549E4216CD98AC0053D0AC /* en */ = {isa = PBXFileReference; lastKnownFileType = text.plist.strings; name = en; path = en.lproj/InfoPlist.strings; sourceTree = "<group>"; };
		F1549E4416CD98AC0053D0AC /* main.m */ = {isa = PBXFileReference; lastKnownFileType = sourcecode.c.objc; path = main.m; sourceTree = "<group>"; };
		F1549E4616CD98AC0053D0AC /* TableViewCellProject-Prefix.pch */ = {isa = PBXFileReference; lastKnownFileType = sourcecode.c.h; path = "TableViewCellProject-Prefix.pch"; sourceTree = "<group>"; };
		F1549E4716CD98AC0053D0AC /* AppDelegate.h */ = {isa = PBXFileReference; lastKnownFileType = sourcecode.c.h; path = AppDelegate.h; sourceTree = "<group>"; };
		F1549E4816CD98AC0053D0AC /* AppDelegate.m */ = {isa = PBXFileReference; lastKnownFileType = sourcecode.c.objc; path = AppDelegate.m; sourceTree = "<group>"; };
		F1549E4A16CD98AC0053D0AC /* Default.png */ = {isa = PBXFileReference; lastKnownFileType = image.png; path = Default.png; sourceTree = "<group>"; };
		F1549E4C16CD98AC0053D0AC /* Default@2x.png */ = {isa = PBXFileReference; lastKnownFileType = image.png; path = "Default@2x.png"; sourceTree = "<group>"; };
		F1549E4E16CD98AC0053D0AC /* Default-568h@2x.png */ = {isa = PBXFileReference; lastKnownFileType = image.png; path = "Default-568h@2x.png"; sourceTree = "<group>"; };
		F1549E5116CD98AC0053D0AC /* en */ = {isa = PBXFileReference; lastKnownFileType = file.storyboard; name = en; path = en.lproj/MainStoryboard.storyboard; sourceTree = "<group>"; };
		F1549E5316CD98AC0053D0AC /* ViewController.h */ = {isa = PBXFileReference; lastKnownFileType = sourcecode.c.h; path = ViewController.h; sourceTree = "<group>"; };
		F1549E5416CD98AC0053D0AC /* ViewController.m */ = {isa = PBXFileReference; lastKnownFileType = sourcecode.c.objc; path = ViewController.m; sourceTree = "<group>"; };
/* End PBXFileReference section */

/* Begin PBXFrameworksBuildPhase section */
		F1549E3216CD98AC0053D0AC /* Frameworks */ = {
			isa = PBXFrameworksBuildPhase;
			buildActionMask = 2147483647;
			files = (
				F1549E3916CD98AC0053D0AC /* UIKit.framework in Frameworks */,
				F1549E3B16CD98AC0053D0AC /* Foundation.framework in Frameworks */,
				F1549E3D16CD98AC0053D0AC /* CoreGraphics.framework in Frameworks */,
			);
			runOnlyForDeploymentPostprocessing = 0;
		};
/* End PBXFrameworksBuildPhase section */

/* Begin PBXGroup section */
		F1549E2C16CD98AC0053D0AC = {
			isa = PBXGroup;
			children = (
				F1549E3E16CD98AC0053D0AC /* TableViewCellProject */,
				F1549E3716CD98AC0053D0AC /* Frameworks */,
				F1549E3616CD98AC0053D0AC /* Products */,
			);
			sourceTree = "<group>";
		};
		F1549E3616CD98AC0053D0AC /* Products */ = {
			isa = PBXGroup;
			children = (
				F1549E3516CD98AC0053D0AC /* TableViewCellProject.app */,
			);
			name = Products;
			sourceTree = "<group>";
		};
		F1549E3716CD98AC0053D0AC /* Frameworks */ = {
			isa = PBXGroup;
			children = (
				F1549E3816CD98AC0053D0AC /* UIKit.framework */,
				F1549E3A16CD98AC0053D0AC /* Foundation.framework */,
				F1549E3C16CD98AC0053D0AC /* CoreGraphics.framework */,
			);
			name = Frameworks;
			sourceTree = "<group>";
		};
		F1549E3E16CD98AC0053D0AC /* TableViewCellProject */ = {
			isa = PBXGroup;
			children = (
				F1549E4716CD98AC0053D0AC /* AppDelegate.h */,
				F1549E4816CD98AC0053D0AC /* AppDelegate.m */,
				F1549E5016CD98AC0053D0AC /* MainStoryboard.storyboard */,
				F1549E5316CD98AC0053D0AC /* ViewController.h */,
				F1549E5416CD98AC0053D0AC /* ViewController.m */,
				F1549E3F16CD98AC0053D0AC /* Supporting Files */,
			);
			path = TableViewCellProject;
			sourceTree = "<group>";
		};
		F1549E3F16CD98AC0053D0AC /* Supporting Files */ = {
			isa = PBXGroup;
			children = (
				F1549E4016CD98AC0053D0AC /* TableViewCellProject-Info.plist */,
				F1549E4116CD98AC0053D0AC /* InfoPlist.strings */,
				F1549E4416CD98AC0053D0AC /* main.m */,
				F1549E4616CD98AC0053D0AC /* TableViewCellProject-Prefix.pch */,
				F1549E4A16CD98AC0053D0AC /* Default.png */,
				F1549E4C16CD98AC0053D0AC /* Default@2x.png */,
				F1549E4E16CD98AC0053D0AC /* Default-568h@2x.png */,
			);
			name = "Supporting Files";
			sourceTree = "<group>";
		};
/* End PBXGroup section */

/* Begin PBXNativeTarget section */
		F1549E3416CD98AC0053D0AC /* TableViewCellProject */ = {
			isa = PBXNativeTarget;
			buildConfigurationList = F1549E5816CD98AC0053D0AC /* Build configuration list for PBXNativeTarget "TableViewCellProject" */;
			buildPhases = (
				F1549E3116CD98AC0053D0AC /* Sources */,
				F1549E3216CD98AC0053D0AC /* Frameworks */,
				F1549E3316CD98AC0053D0AC /* Resources */,
			);
			buildRules = (
			);
			dependencies = (
			);
			name = TableViewCellProject;
			productName = TableViewCellProject;
			productReference = F1549E3516CD98AC0053D0AC /* TableViewCellProject.app */;
			productType = "com.apple.product-type.application";
		};
/* End PBXNativeTarget section */

/* Begin PBXProject section */
		F1549E2D16CD98AC0053D0AC /* Project object */ = {
			isa = PBXProject;
			attributes = {
				LastUpgradeCheck = 0460;
				ORGANIZATIONNAME = "Nirav Amin";
			};
			buildConfigurationList = F1549E3016CD98AC0053D0AC /* Build configuration list for PBXProject "TableViewCellProject" */;
			compatibilityVersion = "Xcode 3.2";
			developmentRegion = English;
			hasScannedForEncodings = 0;
			knownRegions = (
				en,
			);
			mainGroup = F1549E2C16CD98AC0053D0AC;
			productRefGroup = F1549E3616CD98AC0053D0AC /* Products */;
			projectDirPath = "";
			projectRoot = "";
			targets = (
				F1549E3416CD98AC0053D0AC /* TableViewCellProject */,
			);
		};
/* End PBXProject section */

/* Begin PBXResourcesBuildPhase section */
		F1549E3316CD98AC0053D0AC /* Resources */ = {
			isa = PBXResourcesBuildPhase;
			buildActionMask = 2147483647;
			files = (
				F1549E4316CD98AC0053D0AC /* InfoPlist.strings in Resources */,
				F1549E4B16CD98AC0053D0AC /* Default.png in Resources */,
				F1549E4D16CD98AC0053D0AC /* Default@2x.png in Resources */,
				F1549E4F16CD98AC0053D0AC /* Default-568h@2x.png in Resources */,
				F1549E5216CD98AC0053D0AC /* MainStoryboard.storyboard in Resources */,
			);
			runOnlyForDeploymentPostprocessing = 0;
		};
/* End PBXResourcesBuildPhase section */

/* Begin PBXSourcesBuildPhase section */
		F1549E3116CD98AC0053D0AC /* Sources */ = {
			isa = PBXSourcesBuildPhase;
			buildActionMask = 2147483647;
			files = (
				F1549E4516CD98AC0053D0AC /* main.m in Sources */,
				F1549E4916CD98AC0053D0AC /* AppDelegate.m in Sources */,
				F1549E5516CD98AC0053D0AC /* ViewController.m in Sources */,
			);
			runOnlyForDeploymentPostprocessing = 0;
		};
/* End PBXSourcesBuildPhase section */

/* Begin PBXVariantGroup section */
		F1549E4116CD98AC0053D0AC /* InfoPlist.strings */ = {
			isa = PBXVariantGroup;
			children = (
				F1549E4216CD98AC0053D0AC /* en */,
			);
			name = InfoPlist.strings;
			sourceTree = "<group>";
		};
		F1549E5016CD98AC0053D0AC /* MainStoryboard.storyboard */ = {
			isa = PBXVariantGroup;
			children = (
				F1549E5116CD98AC0053D0AC /* en */,
			);
			name = MainStoryboard.storyboard;
			sourceTree = "<group>";
		};
/* End PBXVariantGroup section */

/* Begin XCBuildConfiguration section */
		F1549E5616CD98AC0053D0AC /* Debug */ = {
			isa = XCBuildConfiguration;
			buildSettings = {
				ALWAYS_SEARCH_USER_PATHS = NO;
				CLANG_CXX_LANGUAGE_STANDARD = "gnu++0x";
				CLANG_CXX_LIBRARY = "libc++";
				CLANG_ENABLE_OBJC_ARC = YES;
				CLANG_WARN_CONSTANT_CONVERSION = YES;
				CLANG_WARN_EMPTY_BODY = YES;
				CLANG_WARN_ENUM_CONVERSION = YES;
				CLANG_WARN_INT_CONVERSION = YES;
				CLANG_WARN__DUPLICATE_METHOD_MATCH = YES;
				"CODE_SIGN_IDENTITY[sdk=iphoneos*]" = "iPhone Developer";
				COPY_PHASE_STRIP = NO;
				GCC_C_LANGUAGE_STANDARD = gnu99;
				GCC_DYNAMIC_NO_PIC = NO;
				GCC_OPTIMIZATION_LEVEL = 0;
				GCC_PREPROCESSOR_DEFINITIONS = (
					"DEBUG=1",
					"$(inherited)",
				);
				GCC_SYMBOLS_PRIVATE_EXTERN = NO;
				GCC_WARN_ABOUT_RETURN_TYPE = YES;
				GCC_WARN_UNINITIALIZED_AUTOS = YES;
				GCC_WARN_UNUSED_VARIABLE = YES;
				IPHONEOS_DEPLOYMENT_TARGET = 6.1;
				ONLY_ACTIVE_ARCH = YES;
				SDKROOT = iphoneos;
			};
			name = Debug;
		};
		F1549E5716CD98AC0053D0AC /* Release */ = {
			isa = XCBuildConfiguration;
			buildSettings = {
				ALWAYS_SEARCH_USER_PATHS = NO;
				CLANG_CXX_LANGUAGE_STANDARD = "gnu++0x";
				CLANG_CXX_LIBRARY = "libc++";
				CLANG_ENABLE_OBJC_ARC = YES;
				CLANG_WARN_CONSTANT_CONVERSION = YES;
				CLANG_WARN_EMPTY_BODY = YES;
				CLANG_WARN_ENUM_CONVERSION = YES;
				CLANG_WARN_INT_CONVERSION = YES;
				CLANG_WARN__DUPLICATE_METHOD_MATCH = YES;
				"CODE_SIGN_IDENTITY[sdk=iphoneos*]" = "iPhone Developer";
				COPY_PHASE_STRIP = YES;
				GCC_C_LANGUAGE_STANDARD = gnu99;
				GCC_WARN_ABOUT_RETURN_TYPE = YES;
				GCC_WARN_UNINITIALIZED_AUTOS = YES;
				GCC_WARN_UNUSED_VARIABLE = YES;
				IPHONEOS_DEPLOYMENT_TARGET = 6.1;
				OTHER_CFLAGS = "-DNS_BLOCK_ASSERTIONS=1";
				SDKROOT = iphoneos;
				VALIDATE_PRODUCT = YES;
			};
			name = Release;
		};
		F1549E5916CD98AC0053D0AC /* Debug */ = {
			isa = XCBuildConfiguration;
			buildSettings = {
				GCC_PRECOMPILE_PREFIX_HEADER = YES;
				GCC_PREFIX_HEADER = "TableViewCellProject/TableViewCellProject-Prefix.pch";
				INFOPLIST_FILE = "TableViewCellProject/TableViewCellProject-Info.plist";
				PRODUCT_NAME = "$(TARGET_NAME)";
				WRAPPER_EXTENSION = app;
			};
			name = Debug;
		};
		F1549E5A16CD98AC0053D0AC /* Release */ = {
			isa = XCBuildConfiguration;
			buildSettings = {
				GCC_PRECOMPILE_PREFIX_HEADER = YES;
				GCC_PREFIX_HEADER = "TableViewCellProject/TableViewCellProject-Prefix.pch";
				INFOPLIST_FILE = "TableViewCellProject/TableViewCellProject-Info.plist";
				PRODUCT_NAME = "$(TARGET_NAME)";
				WRAPPER_EXTENSION = app;
			};
			name = Release;
		};
/* End XCBuildConfiguration section */

/* Begin XCConfigurationList section */
		F1549E3016CD98AC0053D0AC /* Build configuration list for PBXProject "TableViewCellProject" */ = {
			isa = XCConfigurationList;
			buildConfigurations = (
				F1549E5616CD98AC0053D0AC /* Debug */,
				F1549E5716CD98AC0053D0AC /* Release */,
			);
			defaultConfigurationIsVisible = 0;
			defaultConfigurationName = Release;
		};
		F1549E5816CD98AC0053D0AC /* Build configuration list for PBXNativeTarget "TableViewCellProject" */ = {
			isa = XCConfigurationList;
			buildConfigurations = (
				F1549E5916CD98AC0053D0AC /* Debug */,
				F1549E5A16CD98AC0053D0AC /* Release */,
			);
			defaultConfigurationIsVisible = 0;
		};
/* End XCConfigurationList section */
	};
	rootObject = F1549E2D16CD98AC0053D0AC /* Project object */;
}
