// !$*UTF8*$!
{
	archiveVersion = 1;
	classes = {
	};
	objectVersion = 46;
	objects = {

/* Begin PBXBuildFile section */
		F138549616D0350A00943E35 /* UIKit.framework in Frameworks */ = {isa = PBXBuildFile; fileRef = F138549516D0350A00943E35 /* UIKit.framework */; };
		F138549816D0350A00943E35 /* Foundation.framework in Frameworks */ = {isa = PBXBuildFile; fileRef = F138549716D0350A00943E35 /* Foundation.framework */; };
		F138549A16D0350A00943E35 /* CoreGraphics.framework in Frameworks */ = {isa = PBXBuildFile; fileRef = F138549916D0350A00943E35 /* CoreGraphics.framework */; };
		F13854A016D0350A00943E35 /* InfoPlist.strings in Resources */ = {isa = PBXBuildFile; fileRef = F138549E16D0350A00943E35 /* InfoPlist.strings */; };
		F13854A216D0350A00943E35 /* main.m in Sources */ = {isa = PBXBuildFile; fileRef = F13854A116D0350A00943E35 /* main.m */; };
		F13854A616D0350A00943E35 /* AppDelegate.m in Sources */ = {isa = PBXBuildFile; fileRef = F13854A516D0350A00943E35 /* AppDelegate.m */; };
		F13854A816D0350A00943E35 /* Default.png in Resources */ = {isa = PBXBuildFile; fileRef = F13854A716D0350A00943E35 /* Default.png */; };
		F13854AA16D0350A00943E35 /* Default@2x.png in Resources */ = {isa = PBXBuildFile; fileRef = F13854A916D0350A00943E35 /* Default@2x.png */; };
		F13854AC16D0350A00943E35 /* Default-568h@2x.png in Resources */ = {isa = PBXBuildFile; fileRef = F13854AB16D0350A00943E35 /* Default-568h@2x.png */; };
		F13854AF16D0350A00943E35 /* MainStoryboard.storyboard in Resources */ = {isa = PBXBuildFile; fileRef = F13854AD16D0350A00943E35 /* MainStoryboard.storyboard */; };
		F13854B216D0350A00943E35 /* ViewController.m in Sources */ = {isa = PBXBuildFile; fileRef = F13854B116D0350A00943E35 /* ViewController.m */; };
/* End PBXBuildFile section */

/* Begin PBXFileReference section */
		F138549216D0350A00943E35 /* Storyboard App.app */ = {isa = PBXFileReference; explicitFileType = wrapper.application; includeInIndex = 0; path = "Storyboard App.app"; sourceTree = BUILT_PRODUCTS_DIR; };
		F138549516D0350A00943E35 /* UIKit.framework */ = {isa = PBXFileReference; lastKnownFileType = wrapper.framework; name = UIKit.framework; path = System/Library/Frameworks/UIKit.framework; sourceTree = SDKROOT; };
		F138549716D0350A00943E35 /* Foundation.framework */ = {isa = PBXFileReference; lastKnownFileType = wrapper.framework; name = Foundation.framework; path = System/Library/Frameworks/Foundation.framework; sourceTree = SDKROOT; };
		F138549916D0350A00943E35 /* CoreGraphics.framework */ = {isa = PBXFileReference; lastKnownFileType = wrapper.framework; name = CoreGraphics.framework; path = System/Library/Frameworks/CoreGraphics.framework; sourceTree = SDKROOT; };
		F138549D16D0350A00943E35 /* Storyboard App-Info.plist */ = {isa = PBXFileReference; lastKnownFileType = text.plist.xml; path = "Storyboard App-Info.plist"; sourceTree = "<group>"; };
		F138549F16D0350A00943E35 /* en */ = {isa = PBXFileReference; lastKnownFileType = text.plist.strings; name = en; path = en.lproj/InfoPlist.strings; sourceTree = "<group>"; };
		F13854A116D0350A00943E35 /* main.m */ = {isa = PBXFileReference; lastKnownFileType = sourcecode.c.objc; path = main.m; sourceTree = "<group>"; };
		F13854A316D0350A00943E35 /* Storyboard App-Prefix.pch */ = {isa = PBXFileReference; lastKnownFileType = sourcecode.c.h; path = "Storyboard App-Prefix.pch"; sourceTree = "<group>"; };
		F13854A416D0350A00943E35 /* AppDelegate.h */ = {isa = PBXFileReference; lastKnownFileType = sourcecode.c.h; path = AppDelegate.h; sourceTree = "<group>"; };
		F13854A516D0350A00943E35 /* AppDelegate.m */ = {isa = PBXFileReference; lastKnownFileType = sourcecode.c.objc; path = AppDelegate.m; sourceTree = "<group>"; };
		F13854A716D0350A00943E35 /* Default.png */ = {isa = PBXFileReference; lastKnownFileType = image.png; path = Default.png; sourceTree = "<group>"; };
		F13854A916D0350A00943E35 /* Default@2x.png */ = {isa = PBXFileReference; lastKnownFileType = image.png; path = "Default@2x.png"; sourceTree = "<group>"; };
		F13854AB16D0350A00943E35 /* Default-568h@2x.png */ = {isa = PBXFileReference; lastKnownFileType = image.png; path = "Default-568h@2x.png"; sourceTree = "<group>"; };
		F13854AE16D0350A00943E35 /* en */ = {isa = PBXFileReference; lastKnownFileType = file.storyboard; name = en; path = en.lproj/MainStoryboard.storyboard; sourceTree = "<group>"; };
		F13854B016D0350A00943E35 /* ViewController.h */ = {isa = PBXFileReference; lastKnownFileType = sourcecode.c.h; path = ViewController.h; sourceTree = "<group>"; };
		F13854B116D0350A00943E35 /* ViewController.m */ = {isa = PBXFileReference; lastKnownFileType = sourcecode.c.objc; path = ViewController.m; sourceTree = "<group>"; };
/* End PBXFileReference section */

/* Begin PBXFrameworksBuildPhase section */
		F138548F16D0350A00943E35 /* Frameworks */ = {
			isa = PBXFrameworksBuildPhase;
			buildActionMask = 2147483647;
			files = (
				F138549616D0350A00943E35 /* UIKit.framework in Frameworks */,
				F138549816D0350A00943E35 /* Foundation.framework in Frameworks */,
				F138549A16D0350A00943E35 /* CoreGraphics.framework in Frameworks */,
			);
			runOnlyForDeploymentPostprocessing = 0;
		};
/* End PBXFrameworksBuildPhase section */

/* Begin PBXGroup section */
		F138548916D0350A00943E35 = {
			isa = PBXGroup;
			children = (
				F138549B16D0350A00943E35 /* Storyboard App */,
				F138549416D0350A00943E35 /* Frameworks */,
				F138549316D0350A00943E35 /* Products */,
			);
			sourceTree = "<group>";
		};
		F138549316D0350A00943E35 /* Products */ = {
			isa = PBXGroup;
			children = (
				F138549216D0350A00943E35 /* Storyboard App.app */,
			);
			name = Products;
			sourceTree = "<group>";
		};
		F138549416D0350A00943E35 /* Frameworks */ = {
			isa = PBXGroup;
			children = (
				F138549516D0350A00943E35 /* UIKit.framework */,
				F138549716D0350A00943E35 /* Foundation.framework */,
				F138549916D0350A00943E35 /* CoreGraphics.framework */,
			);
			name = Frameworks;
			sourceTree = "<group>";
		};
		F138549B16D0350A00943E35 /* Storyboard App */ = {
			isa = PBXGroup;
			children = (
				F13854A416D0350A00943E35 /* AppDelegate.h */,
				F13854A516D0350A00943E35 /* AppDelegate.m */,
				F13854AD16D0350A00943E35 /* MainStoryboard.storyboard */,
				F13854B016D0350A00943E35 /* ViewController.h */,
				F13854B116D0350A00943E35 /* ViewController.m */,
				F138549C16D0350A00943E35 /* Supporting Files */,
			);
			path = "Storyboard App";
			sourceTree = "<group>";
		};
		F138549C16D0350A00943E35 /* Supporting Files */ = {
			isa = PBXGroup;
			children = (
				F138549D16D0350A00943E35 /* Storyboard App-Info.plist */,
				F138549E16D0350A00943E35 /* InfoPlist.strings */,
				F13854A116D0350A00943E35 /* main.m */,
				F13854A316D0350A00943E35 /* Storyboard App-Prefix.pch */,
				F13854A716D0350A00943E35 /* Default.png */,
				F13854A916D0350A00943E35 /* Default@2x.png */,
				F13854AB16D0350A00943E35 /* Default-568h@2x.png */,
			);
			name = "Supporting Files";
			sourceTree = "<group>";
		};
/* End PBXGroup section */

/* Begin PBXNativeTarget section */
		F138549116D0350A00943E35 /* Storyboard App */ = {
			isa = PBXNativeTarget;
			buildConfigurationList = F13854B516D0350A00943E35 /* Build configuration list for PBXNativeTarget "Storyboard App" */;
			buildPhases = (
				F138548E16D0350A00943E35 /* Sources */,
				F138548F16D0350A00943E35 /* Frameworks */,
				F138549016D0350A00943E35 /* Resources */,
			);
			buildRules = (
			);
			dependencies = (
			);
			name = "Storyboard App";
			productName = "Storyboard App";
			productReference = F138549216D0350A00943E35 /* Storyboard App.app */;
			productType = "com.apple.product-type.application";
		};
/* End PBXNativeTarget section */

/* Begin PBXProject section */
		F138548A16D0350A00943E35 /* Project object */ = {
			isa = PBXProject;
			attributes = {
				LastUpgradeCheck = 0460;
				ORGANIZATIONNAME = "Nirav Amin";
			};
			buildConfigurationList = F138548D16D0350A00943E35 /* Build configuration list for PBXProject "Storyboard App" */;
			compatibilityVersion = "Xcode 3.2";
			developmentRegion = English;
			hasScannedForEncodings = 0;
			knownRegions = (
				en,
			);
			mainGroup = F138548916D0350A00943E35;
			productRefGroup = F138549316D0350A00943E35 /* Products */;
			projectDirPath = "";
			projectRoot = "";
			targets = (
				F138549116D0350A00943E35 /* Storyboard App */,
			);
		};
/* End PBXProject section */

/* Begin PBXResourcesBuildPhase section */
		F138549016D0350A00943E35 /* Resources */ = {
			isa = PBXResourcesBuildPhase;
			buildActionMask = 2147483647;
			files = (
				F13854A016D0350A00943E35 /* InfoPlist.strings in Resources */,
				F13854A816D0350A00943E35 /* Default.png in Resources */,
				F13854AA16D0350A00943E35 /* Default@2x.png in Resources */,
				F13854AC16D0350A00943E35 /* Default-568h@2x.png in Resources */,
				F13854AF16D0350A00943E35 /* MainStoryboard.storyboard in Resources */,
			);
			runOnlyForDeploymentPostprocessing = 0;
		};
/* End PBXResourcesBuildPhase section */

/* Begin PBXSourcesBuildPhase section */
		F138548E16D0350A00943E35 /* Sources */ = {
			isa = PBXSourcesBuildPhase;
			buildActionMask = 2147483647;
			files = (
				F13854A216D0350A00943E35 /* main.m in Sources */,
				F13854A616D0350A00943E35 /* AppDelegate.m in Sources */,
				F13854B216D0350A00943E35 /* ViewController.m in Sources */,
			);
			runOnlyForDeploymentPostprocessing = 0;
		};
/* End PBXSourcesBuildPhase section */

/* Begin PBXVariantGroup section */
		F138549E16D0350A00943E35 /* InfoPlist.strings */ = {
			isa = PBXVariantGroup;
			children = (
				F138549F16D0350A00943E35 /* en */,
			);
			name = InfoPlist.strings;
			sourceTree = "<group>";
		};
		F13854AD16D0350A00943E35 /* MainStoryboard.storyboard */ = {
			isa = PBXVariantGroup;
			children = (
				F13854AE16D0350A00943E35 /* en */,
			);
			name = MainStoryboard.storyboard;
			sourceTree = "<group>";
		};
/* End PBXVariantGroup section */

/* Begin XCBuildConfiguration section */
		F13854B316D0350A00943E35 /* Debug */ = {
			isa = XCBuildConfiguration;
			buildSettings = {
				ALWAYS_SEARCH_USER_PATHS = NO;
				CLANG_CXX_LANGUAGE_STANDARD = "gnu++0x";
				CLANG_CXX_LIBRARY = "libc++";
				CLANG_ENABLE_OBJC_ARC = YES;
				CLANG_WARN_CONSTANT_CONVERSION = YES;
				CLANG_WARN_EMPTY_BODY = YES;
				CLANG_WARN_ENUM_CONVERSION = YES;
				CLANG_WARN_INT_CONVERSION = YES;
				CLANG_WARN__DUPLICATE_METHOD_MATCH = YES;
				"CODE_SIGN_IDENTITY[sdk=iphoneos*]" = "iPhone Developer";
				COPY_PHASE_STRIP = NO;
				GCC_C_LANGUAGE_STANDARD = gnu99;
				GCC_DYNAMIC_NO_PIC = NO;
				GCC_OPTIMIZATION_LEVEL = 0;
				GCC_PREPROCESSOR_DEFINITIONS = (
					"DEBUG=1",
					"$(inherited)",
				);
				GCC_SYMBOLS_PRIVATE_EXTERN = NO;
				GCC_WARN_ABOUT_RETURN_TYPE = YES;
				GCC_WARN_UNINITIALIZED_AUTOS = YES;
				GCC_WARN_UNUSED_VARIABLE = YES;
				IPHONEOS_DEPLOYMENT_TARGET = 6.1;
				ONLY_ACTIVE_ARCH = YES;
				SDKROOT = iphoneos;
			};
			name = Debug;
		};
		F13854B416D0350A00943E35 /* Release */ = {
			isa = XCBuildConfiguration;
			buildSettings = {
				ALWAYS_SEARCH_USER_PATHS = NO;
				CLANG_CXX_LANGUAGE_STANDARD = "gnu++0x";
				CLANG_CXX_LIBRARY = "libc++";
				CLANG_ENABLE_OBJC_ARC = YES;
				CLANG_WARN_CONSTANT_CONVERSION = YES;
				CLANG_WARN_EMPTY_BODY = YES;
				CLANG_WARN_ENUM_CONVERSION = YES;
				CLANG_WARN_INT_CONVERSION = YES;
				CLANG_WARN__DUPLICATE_METHOD_MATCH = YES;
				"CODE_SIGN_IDENTITY[sdk=iphoneos*]" = "iPhone Developer";
				COPY_PHASE_STRIP = YES;
				GCC_C_LANGUAGE_STANDARD = gnu99;
				GCC_WARN_ABOUT_RETURN_TYPE = YES;
				GCC_WARN_UNINITIALIZED_AUTOS = YES;
				GCC_WARN_UNUSED_VARIABLE = YES;
				IPHONEOS_DEPLOYMENT_TARGET = 6.1;
				OTHER_CFLAGS = "-DNS_BLOCK_ASSERTIONS=1";
				SDKROOT = iphoneos;
				VALIDATE_PRODUCT = YES;
			};
			name = Release;
		};
		F13854B616D0350A00943E35 /* Debug */ = {
			isa = XCBuildConfiguration;
			buildSettings = {
				GCC_PRECOMPILE_PREFIX_HEADER = YES;
				GCC_PREFIX_HEADER = "Storyboard App/Storyboard App-Prefix.pch";
				INFOPLIST_FILE = "Storyboard App/Storyboard App-Info.plist";
				PRODUCT_NAME = "$(TARGET_NAME)";
				WRAPPER_EXTENSION = app;
			};
			name = Debug;
		};
		F13854B716D0350A00943E35 /* Release */ = {
			isa = XCBuildConfiguration;
			buildSettings = {
				GCC_PRECOMPILE_PREFIX_HEADER = YES;
				GCC_PREFIX_HEADER = "Storyboard App/Storyboard App-Prefix.pch";
				INFOPLIST_FILE = "Storyboard App/Storyboard App-Info.plist";
				PRODUCT_NAME = "$(TARGET_NAME)";
				WRAPPER_EXTENSION = app;
			};
			name = Release;
		};
/* End XCBuildConfiguration section */

/* Begin XCConfigurationList section */
		F138548D16D0350A00943E35 /* Build configuration list for PBXProject "Storyboard App" */ = {
			isa = XCConfigurationList;
			buildConfigurations = (
				F13854B316D0350A00943E35 /* Debug */,
				F13854B416D0350A00943E35 /* Release */,
			);
			defaultConfigurationIsVisible = 0;
			defaultConfigurationName = Release;
		};
		F13854B516D0350A00943E35 /* Build configuration list for PBXNativeTarget "Storyboard App" */ = {
			isa = XCConfigurationList;
			buildConfigurations = (
				F13854B616D0350A00943E35 /* Debug */,
				F13854B716D0350A00943E35 /* Release */,
			);
			defaultConfigurationIsVisible = 0;
		};
/* End XCConfigurationList section */
	};
	rootObject = F138548A16D0350A00943E35 /* Project object */;
}
