// !$*UTF8*$!
{
	archiveVersion = 1;
	classes = {
	};
	objectVersion = 46;
	objects = {

/* Begin PBXBuildFile section */
		F15B50ED16D1A3240015F293 /* UIKit.framework in Frameworks */ = {isa = PBXBuildFile; fileRef = F15B50EC16D1A3240015F293 /* UIKit.framework */; };
		F15B50EF16D1A3240015F293 /* Foundation.framework in Frameworks */ = {isa = PBXBuildFile; fileRef = F15B50EE16D1A3240015F293 /* Foundation.framework */; };
		F15B50F116D1A3240015F293 /* CoreGraphics.framework in Frameworks */ = {isa = PBXBuildFile; fileRef = F15B50F016D1A3240015F293 /* CoreGraphics.framework */; };
		F15B50F716D1A3240015F293 /* InfoPlist.strings in Resources */ = {isa = PBXBuildFile; fileRef = F15B50F516D1A3240015F293 /* InfoPlist.strings */; };
		F15B50F916D1A3240015F293 /* main.m in Sources */ = {isa = PBXBuildFile; fileRef = F15B50F816D1A3240015F293 /* main.m */; };
		F15B50FD16D1A3240015F293 /* AppDelegate.m in Sources */ = {isa = PBXBuildFile; fileRef = F15B50FC16D1A3240015F293 /* AppDelegate.m */; };
		F15B50FF16D1A3240015F293 /* Default.png in Resources */ = {isa = PBXBuildFile; fileRef = F15B50FE16D1A3240015F293 /* Default.png */; };
		F15B510116D1A3240015F293 /* Default@2x.png in Resources */ = {isa = PBXBuildFile; fileRef = F15B510016D1A3240015F293 /* Default@2x.png */; };
		F15B510316D1A3240015F293 /* Default-568h@2x.png in Resources */ = {isa = PBXBuildFile; fileRef = F15B510216D1A3240015F293 /* Default-568h@2x.png */; };
		F15B510616D1A3240015F293 /* MainStoryboard.storyboard in Resources */ = {isa = PBXBuildFile; fileRef = F15B510416D1A3240015F293 /* MainStoryboard.storyboard */; };
		F15B510916D1A3240015F293 /* MasterViewController.m in Sources */ = {isa = PBXBuildFile; fileRef = F15B510816D1A3240015F293 /* MasterViewController.m */; };
		F15B510C16D1A3240015F293 /* DetailViewController.m in Sources */ = {isa = PBXBuildFile; fileRef = F15B510B16D1A3240015F293 /* DetailViewController.m */; };
/* End PBXBuildFile section */

/* Begin PBXFileReference section */
		F15B50E916D1A3240015F293 /* TaskApp2.app */ = {isa = PBXFileReference; explicitFileType = wrapper.application; includeInIndex = 0; path = TaskApp2.app; sourceTree = BUILT_PRODUCTS_DIR; };
		F15B50EC16D1A3240015F293 /* UIKit.framework */ = {isa = PBXFileReference; lastKnownFileType = wrapper.framework; name = UIKit.framework; path = System/Library/Frameworks/UIKit.framework; sourceTree = SDKROOT; };
		F15B50EE16D1A3240015F293 /* Foundation.framework */ = {isa = PBXFileReference; lastKnownFileType = wrapper.framework; name = Foundation.framework; path = System/Library/Frameworks/Foundation.framework; sourceTree = SDKROOT; };
		F15B50F016D1A3240015F293 /* CoreGraphics.framework */ = {isa = PBXFileReference; lastKnownFileType = wrapper.framework; name = CoreGraphics.framework; path = System/Library/Frameworks/CoreGraphics.framework; sourceTree = SDKROOT; };
		F15B50F416D1A3240015F293 /* TaskApp2-Info.plist */ = {isa = PBXFileReference; lastKnownFileType = text.plist.xml; path = "TaskApp2-Info.plist"; sourceTree = "<group>"; };
		F15B50F616D1A3240015F293 /* en */ = {isa = PBXFileReference; lastKnownFileType = text.plist.strings; name = en; path = en.lproj/InfoPlist.strings; sourceTree = "<group>"; };
		F15B50F816D1A3240015F293 /* main.m */ = {isa = PBXFileReference; lastKnownFileType = sourcecode.c.objc; path = main.m; sourceTree = "<group>"; };
		F15B50FA16D1A3240015F293 /* TaskApp2-Prefix.pch */ = {isa = PBXFileReference; lastKnownFileType = sourcecode.c.h; path = "TaskApp2-Prefix.pch"; sourceTree = "<group>"; };
		F15B50FB16D1A3240015F293 /* AppDelegate.h */ = {isa = PBXFileReference; lastKnownFileType = sourcecode.c.h; path = AppDelegate.h; sourceTree = "<group>"; };
		F15B50FC16D1A3240015F293 /* AppDelegate.m */ = {isa = PBXFileReference; lastKnownFileType = sourcecode.c.objc; path = AppDelegate.m; sourceTree = "<group>"; };
		F15B50FE16D1A3240015F293 /* Default.png */ = {isa = PBXFileReference; lastKnownFileType = image.png; path = Default.png; sourceTree = "<group>"; };
		F15B510016D1A3240015F293 /* Default@2x.png */ = {isa = PBXFileReference; lastKnownFileType = image.png; path = "Default@2x.png"; sourceTree = "<group>"; };
		F15B510216D1A3240015F293 /* Default-568h@2x.png */ = {isa = PBXFileReference; lastKnownFileType = image.png; path = "Default-568h@2x.png"; sourceTree = "<group>"; };
		F15B510516D1A3240015F293 /* en */ = {isa = PBXFileReference; lastKnownFileType = file.storyboard; name = en; path = en.lproj/MainStoryboard.storyboard; sourceTree = "<group>"; };
		F15B510716D1A3240015F293 /* MasterViewController.h */ = {isa = PBXFileReference; lastKnownFileType = sourcecode.c.h; path = MasterViewController.h; sourceTree = "<group>"; };
		F15B510816D1A3240015F293 /* MasterViewController.m */ = {isa = PBXFileReference; lastKnownFileType = sourcecode.c.objc; path = MasterViewController.m; sourceTree = "<group>"; };
		F15B510A16D1A3240015F293 /* DetailViewController.h */ = {isa = PBXFileReference; lastKnownFileType = sourcecode.c.h; path = DetailViewController.h; sourceTree = "<group>"; };
		F15B510B16D1A3240015F293 /* DetailViewController.m */ = {isa = PBXFileReference; lastKnownFileType = sourcecode.c.objc; path = DetailViewController.m; sourceTree = "<group>"; };
/* End PBXFileReference section */

/* Begin PBXFrameworksBuildPhase section */
		F15B50E616D1A3240015F293 /* Frameworks */ = {
			isa = PBXFrameworksBuildPhase;
			buildActionMask = 2147483647;
			files = (
				F15B50ED16D1A3240015F293 /* UIKit.framework in Frameworks */,
				F15B50EF16D1A3240015F293 /* Foundation.framework in Frameworks */,
				F15B50F116D1A3240015F293 /* CoreGraphics.framework in Frameworks */,
			);
			runOnlyForDeploymentPostprocessing = 0;
		};
/* End PBXFrameworksBuildPhase section */

/* Begin PBXGroup section */
		F15B50E016D1A3240015F293 = {
			isa = PBXGroup;
			children = (
				F15B50F216D1A3240015F293 /* TaskApp2 */,
				F15B50EB16D1A3240015F293 /* Frameworks */,
				F15B50EA16D1A3240015F293 /* Products */,
			);
			sourceTree = "<group>";
		};
		F15B50EA16D1A3240015F293 /* Products */ = {
			isa = PBXGroup;
			children = (
				F15B50E916D1A3240015F293 /* TaskApp2.app */,
			);
			name = Products;
			sourceTree = "<group>";
		};
		F15B50EB16D1A3240015F293 /* Frameworks */ = {
			isa = PBXGroup;
			children = (
				F15B50EC16D1A3240015F293 /* UIKit.framework */,
				F15B50EE16D1A3240015F293 /* Foundation.framework */,
				F15B50F016D1A3240015F293 /* CoreGraphics.framework */,
			);
			name = Frameworks;
			sourceTree = "<group>";
		};
		F15B50F216D1A3240015F293 /* TaskApp2 */ = {
			isa = PBXGroup;
			children = (
				F15B50FB16D1A3240015F293 /* AppDelegate.h */,
				F15B50FC16D1A3240015F293 /* AppDelegate.m */,
				F15B510416D1A3240015F293 /* MainStoryboard.storyboard */,
				F15B510716D1A3240015F293 /* MasterViewController.h */,
				F15B510816D1A3240015F293 /* MasterViewController.m */,
				F15B510A16D1A3240015F293 /* DetailViewController.h */,
				F15B510B16D1A3240015F293 /* DetailViewController.m */,
				F15B50F316D1A3240015F293 /* Supporting Files */,
			);
			path = TaskApp2;
			sourceTree = "<group>";
		};
		F15B50F316D1A3240015F293 /* Supporting Files */ = {
			isa = PBXGroup;
			children = (
				F15B50F416D1A3240015F293 /* TaskApp2-Info.plist */,
				F15B50F516D1A3240015F293 /* InfoPlist.strings */,
				F15B50F816D1A3240015F293 /* main.m */,
				F15B50FA16D1A3240015F293 /* TaskApp2-Prefix.pch */,
				F15B50FE16D1A3240015F293 /* Default.png */,
				F15B510016D1A3240015F293 /* Default@2x.png */,
				F15B510216D1A3240015F293 /* Default-568h@2x.png */,
			);
			name = "Supporting Files";
			sourceTree = "<group>";
		};
/* End PBXGroup section */

/* Begin PBXNativeTarget section */
		F15B50E816D1A3240015F293 /* TaskApp2 */ = {
			isa = PBXNativeTarget;
			buildConfigurationList = F15B510F16D1A3240015F293 /* Build configuration list for PBXNativeTarget "TaskApp2" */;
			buildPhases = (
				F15B50E516D1A3240015F293 /* Sources */,
				F15B50E616D1A3240015F293 /* Frameworks */,
				F15B50E716D1A3240015F293 /* Resources */,
			);
			buildRules = (
			);
			dependencies = (
			);
			name = TaskApp2;
			productName = TaskApp2;
			productReference = F15B50E916D1A3240015F293 /* TaskApp2.app */;
			productType = "com.apple.product-type.application";
		};
/* End PBXNativeTarget section */

/* Begin PBXProject section */
		F15B50E116D1A3240015F293 /* Project object */ = {
			isa = PBXProject;
			attributes = {
				LastUpgradeCheck = 0460;
				ORGANIZATIONNAME = "Nirav Amin";
			};
			buildConfigurationList = F15B50E416D1A3240015F293 /* Build configuration list for PBXProject "TaskApp2" */;
			compatibilityVersion = "Xcode 3.2";
			developmentRegion = English;
			hasScannedForEncodings = 0;
			knownRegions = (
				en,
			);
			mainGroup = F15B50E016D1A3240015F293;
			productRefGroup = F15B50EA16D1A3240015F293 /* Products */;
			projectDirPath = "";
			projectRoot = "";
			targets = (
				F15B50E816D1A3240015F293 /* TaskApp2 */,
			);
		};
/* End PBXProject section */

/* Begin PBXResourcesBuildPhase section */
		F15B50E716D1A3240015F293 /* Resources */ = {
			isa = PBXResourcesBuildPhase;
			buildActionMask = 2147483647;
			files = (
				F15B50F716D1A3240015F293 /* InfoPlist.strings in Resources */,
				F15B50FF16D1A3240015F293 /* Default.png in Resources */,
				F15B510116D1A3240015F293 /* Default@2x.png in Resources */,
				F15B510316D1A3240015F293 /* Default-568h@2x.png in Resources */,
				F15B510616D1A3240015F293 /* MainStoryboard.storyboard in Resources */,
			);
			runOnlyForDeploymentPostprocessing = 0;
		};
/* End PBXResourcesBuildPhase section */

/* Begin PBXSourcesBuildPhase section */
		F15B50E516D1A3240015F293 /* Sources */ = {
			isa = PBXSourcesBuildPhase;
			buildActionMask = 2147483647;
			files = (
				F15B50F916D1A3240015F293 /* main.m in Sources */,
				F15B50FD16D1A3240015F293 /* AppDelegate.m in Sources */,
				F15B510916D1A3240015F293 /* MasterViewController.m in Sources */,
				F15B510C16D1A3240015F293 /* DetailViewController.m in Sources */,
			);
			runOnlyForDeploymentPostprocessing = 0;
		};
/* End PBXSourcesBuildPhase section */

/* Begin PBXVariantGroup section */
		F15B50F516D1A3240015F293 /* InfoPlist.strings */ = {
			isa = PBXVariantGroup;
			children = (
				F15B50F616D1A3240015F293 /* en */,
			);
			name = InfoPlist.strings;
			sourceTree = "<group>";
		};
		F15B510416D1A3240015F293 /* MainStoryboard.storyboard */ = {
			isa = PBXVariantGroup;
			children = (
				F15B510516D1A3240015F293 /* en */,
			);
			name = MainStoryboard.storyboard;
			sourceTree = "<group>";
		};
/* End PBXVariantGroup section */

/* Begin XCBuildConfiguration section */
		F15B510D16D1A3240015F293 /* Debug */ = {
			isa = XCBuildConfiguration;
			buildSettings = {
				ALWAYS_SEARCH_USER_PATHS = NO;
				CLANG_CXX_LANGUAGE_STANDARD = "gnu++0x";
				CLANG_CXX_LIBRARY = "libc++";
				CLANG_ENABLE_OBJC_ARC = YES;
				CLANG_WARN_CONSTANT_CONVERSION = YES;
				CLANG_WARN_EMPTY_BODY = YES;
				CLANG_WARN_ENUM_CONVERSION = YES;
				CLANG_WARN_INT_CONVERSION = YES;
				CLANG_WARN__DUPLICATE_METHOD_MATCH = YES;
				"CODE_SIGN_IDENTITY[sdk=iphoneos*]" = "iPhone Developer";
				COPY_PHASE_STRIP = NO;
				GCC_C_LANGUAGE_STANDARD = gnu99;
				GCC_DYNAMIC_NO_PIC = NO;
				GCC_OPTIMIZATION_LEVEL = 0;
				GCC_PREPROCESSOR_DEFINITIONS = (
					"DEBUG=1",
					"$(inherited)",
				);
				GCC_SYMBOLS_PRIVATE_EXTERN = NO;
				GCC_WARN_ABOUT_RETURN_TYPE = YES;
				GCC_WARN_UNINITIALIZED_AUTOS = YES;
				GCC_WARN_UNUSED_VARIABLE = YES;
				IPHONEOS_DEPLOYMENT_TARGET = 6.1;
				ONLY_ACTIVE_ARCH = YES;
				SDKROOT = iphoneos;
			};
			name = Debug;
		};
		F15B510E16D1A3240015F293 /* Release */ = {
			isa = XCBuildConfiguration;
			buildSettings = {
				ALWAYS_SEARCH_USER_PATHS = NO;
				CLANG_CXX_LANGUAGE_STANDARD = "gnu++0x";
				CLANG_CXX_LIBRARY = "libc++";
				CLANG_ENABLE_OBJC_ARC = YES;
				CLANG_WARN_CONSTANT_CONVERSION = YES;
				CLANG_WARN_EMPTY_BODY = YES;
				CLANG_WARN_ENUM_CONVERSION = YES;
				CLANG_WARN_INT_CONVERSION = YES;
				CLANG_WARN__DUPLICATE_METHOD_MATCH = YES;
				"CODE_SIGN_IDENTITY[sdk=iphoneos*]" = "iPhone Developer";
				COPY_PHASE_STRIP = YES;
				GCC_C_LANGUAGE_STANDARD = gnu99;
				GCC_WARN_ABOUT_RETURN_TYPE = YES;
				GCC_WARN_UNINITIALIZED_AUTOS = YES;
				GCC_WARN_UNUSED_VARIABLE = YES;
				IPHONEOS_DEPLOYMENT_TARGET = 6.1;
				OTHER_CFLAGS = "-DNS_BLOCK_ASSERTIONS=1";
				SDKROOT = iphoneos;
				VALIDATE_PRODUCT = YES;
			};
			name = Release;
		};
		F15B511016D1A3240015F293 /* Debug */ = {
			isa = XCBuildConfiguration;
			buildSettings = {
				GCC_PRECOMPILE_PREFIX_HEADER = YES;
				GCC_PREFIX_HEADER = "TaskApp2/TaskApp2-Prefix.pch";
				INFOPLIST_FILE = "TaskApp2/TaskApp2-Info.plist";
				PRODUCT_NAME = "$(TARGET_NAME)";
				WRAPPER_EXTENSION = app;
			};
			name = Debug;
		};
		F15B511116D1A3240015F293 /* Release */ = {
			isa = XCBuildConfiguration;
			buildSettings = {
				GCC_PRECOMPILE_PREFIX_HEADER = YES;
				GCC_PREFIX_HEADER = "TaskApp2/TaskApp2-Prefix.pch";
				INFOPLIST_FILE = "TaskApp2/TaskApp2-Info.plist";
				PRODUCT_NAME = "$(TARGET_NAME)";
				WRAPPER_EXTENSION = app;
			};
			name = Release;
		};
/* End XCBuildConfiguration section */

/* Begin XCConfigurationList section */
		F15B50E416D1A3240015F293 /* Build configuration list for PBXProject "TaskApp2" */ = {
			isa = XCConfigurationList;
			buildConfigurations = (
				F15B510D16D1A3240015F293 /* Debug */,
				F15B510E16D1A3240015F293 /* Release */,
			);
			defaultConfigurationIsVisible = 0;
			defaultConfigurationName = Release;
		};
		F15B510F16D1A3240015F293 /* Build configuration list for PBXNativeTarget "TaskApp2" */ = {
			isa = XCConfigurationList;
			buildConfigurations = (
				F15B511016D1A3240015F293 /* Debug */,
				F15B511116D1A3240015F293 /* Release */,
			);
			defaultConfigurationIsVisible = 0;
		};
/* End XCConfigurationList section */
	};
	rootObject = F15B50E116D1A3240015F293 /* Project object */;
}
