// !$*UTF8*$!
{
	archiveVersion = 1;
	classes = {
	};
	objectVersion = 46;
	objects = {

/* Begin PBXBuildFile section */
		F134A24516E45BB90018AB95 /* UIKit.framework in Frameworks */ = {isa = PBXBuildFile; fileRef = F134A24416E45BB90018AB95 /* UIKit.framework */; };
		F134A24716E45BB90018AB95 /* Foundation.framework in Frameworks */ = {isa = PBXBuildFile; fileRef = F134A24616E45BB90018AB95 /* Foundation.framework */; };
		F134A24916E45BB90018AB95 /* CoreGraphics.framework in Frameworks */ = {isa = PBXBuildFile; fileRef = F134A24816E45BB90018AB95 /* CoreGraphics.framework */; };
		F134A24F16E45BB90018AB95 /* InfoPlist.strings in Resources */ = {isa = PBXBuildFile; fileRef = F134A24D16E45BB90018AB95 /* InfoPlist.strings */; };
		F134A25116E45BB90018AB95 /* main.m in Sources */ = {isa = PBXBuildFile; fileRef = F134A25016E45BB90018AB95 /* main.m */; };
		F134A25516E45BB90018AB95 /* AppDelegate.m in Sources */ = {isa = PBXBuildFile; fileRef = F134A25416E45BB90018AB95 /* AppDelegate.m */; };
		F134A25716E45BB90018AB95 /* Default.png in Resources */ = {isa = PBXBuildFile; fileRef = F134A25616E45BB90018AB95 /* Default.png */; };
		F134A25916E45BB90018AB95 /* Default@2x.png in Resources */ = {isa = PBXBuildFile; fileRef = F134A25816E45BB90018AB95 /* Default@2x.png */; };
		F134A25B16E45BBA0018AB95 /* Default-568h@2x.png in Resources */ = {isa = PBXBuildFile; fileRef = F134A25A16E45BBA0018AB95 /* Default-568h@2x.png */; };
		F134A25E16E45BBA0018AB95 /* MainStoryboard.storyboard in Resources */ = {isa = PBXBuildFile; fileRef = F134A25C16E45BBA0018AB95 /* MainStoryboard.storyboard */; };
		F134A26116E45BBA0018AB95 /* ViewController.m in Sources */ = {isa = PBXBuildFile; fileRef = F134A26016E45BBA0018AB95 /* ViewController.m */; };
/* End PBXBuildFile section */

/* Begin PBXFileReference section */
		F134A24116E45BB90018AB95 /* YelpProjectFinal.app */ = {isa = PBXFileReference; explicitFileType = wrapper.application; includeInIndex = 0; path = YelpProjectFinal.app; sourceTree = BUILT_PRODUCTS_DIR; };
		F134A24416E45BB90018AB95 /* UIKit.framework */ = {isa = PBXFileReference; lastKnownFileType = wrapper.framework; name = UIKit.framework; path = System/Library/Frameworks/UIKit.framework; sourceTree = SDKROOT; };
		F134A24616E45BB90018AB95 /* Foundation.framework */ = {isa = PBXFileReference; lastKnownFileType = wrapper.framework; name = Foundation.framework; path = System/Library/Frameworks/Foundation.framework; sourceTree = SDKROOT; };
		F134A24816E45BB90018AB95 /* CoreGraphics.framework */ = {isa = PBXFileReference; lastKnownFileType = wrapper.framework; name = CoreGraphics.framework; path = System/Library/Frameworks/CoreGraphics.framework; sourceTree = SDKROOT; };
		F134A24C16E45BB90018AB95 /* YelpProjectFinal-Info.plist */ = {isa = PBXFileReference; lastKnownFileType = text.plist.xml; path = "YelpProjectFinal-Info.plist"; sourceTree = "<group>"; };
		F134A24E16E45BB90018AB95 /* en */ = {isa = PBXFileReference; lastKnownFileType = text.plist.strings; name = en; path = en.lproj/InfoPlist.strings; sourceTree = "<group>"; };
		F134A25016E45BB90018AB95 /* main.m */ = {isa = PBXFileReference; lastKnownFileType = sourcecode.c.objc; path = main.m; sourceTree = "<group>"; };
		F134A25216E45BB90018AB95 /* YelpProjectFinal-Prefix.pch */ = {isa = PBXFileReference; lastKnownFileType = sourcecode.c.h; path = "YelpProjectFinal-Prefix.pch"; sourceTree = "<group>"; };
		F134A25316E45BB90018AB95 /* AppDelegate.h */ = {isa = PBXFileReference; lastKnownFileType = sourcecode.c.h; path = AppDelegate.h; sourceTree = "<group>"; };
		F134A25416E45BB90018AB95 /* AppDelegate.m */ = {isa = PBXFileReference; lastKnownFileType = sourcecode.c.objc; path = AppDelegate.m; sourceTree = "<group>"; };
		F134A25616E45BB90018AB95 /* Default.png */ = {isa = PBXFileReference; lastKnownFileType = image.png; path = Default.png; sourceTree = "<group>"; };
		F134A25816E45BB90018AB95 /* Default@2x.png */ = {isa = PBXFileReference; lastKnownFileType = image.png; path = "Default@2x.png"; sourceTree = "<group>"; };
		F134A25A16E45BBA0018AB95 /* Default-568h@2x.png */ = {isa = PBXFileReference; lastKnownFileType = image.png; path = "Default-568h@2x.png"; sourceTree = "<group>"; };
		F134A25D16E45BBA0018AB95 /* en */ = {isa = PBXFileReference; lastKnownFileType = file.storyboard; name = en; path = en.lproj/MainStoryboard.storyboard; sourceTree = "<group>"; };
		F134A25F16E45BBA0018AB95 /* ViewController.h */ = {isa = PBXFileReference; lastKnownFileType = sourcecode.c.h; path = ViewController.h; sourceTree = "<group>"; };
		F134A26016E45BBA0018AB95 /* ViewController.m */ = {isa = PBXFileReference; lastKnownFileType = sourcecode.c.objc; path = ViewController.m; sourceTree = "<group>"; };
/* End PBXFileReference section */

/* Begin PBXFrameworksBuildPhase section */
		F134A23E16E45BB90018AB95 /* Frameworks */ = {
			isa = PBXFrameworksBuildPhase;
			buildActionMask = 2147483647;
			files = (
				F134A24516E45BB90018AB95 /* UIKit.framework in Frameworks */,
				F134A24716E45BB90018AB95 /* Foundation.framework in Frameworks */,
				F134A24916E45BB90018AB95 /* CoreGraphics.framework in Frameworks */,
			);
			runOnlyForDeploymentPostprocessing = 0;
		};
/* End PBXFrameworksBuildPhase section */

/* Begin PBXGroup section */
		F134A23816E45BB90018AB95 = {
			isa = PBXGroup;
			children = (
				F134A24A16E45BB90018AB95 /* YelpProjectFinal */,
				F134A24316E45BB90018AB95 /* Frameworks */,
				F134A24216E45BB90018AB95 /* Products */,
			);
			sourceTree = "<group>";
		};
		F134A24216E45BB90018AB95 /* Products */ = {
			isa = PBXGroup;
			children = (
				F134A24116E45BB90018AB95 /* YelpProjectFinal.app */,
			);
			name = Products;
			sourceTree = "<group>";
		};
		F134A24316E45BB90018AB95 /* Frameworks */ = {
			isa = PBXGroup;
			children = (
				F134A24416E45BB90018AB95 /* UIKit.framework */,
				F134A24616E45BB90018AB95 /* Foundation.framework */,
				F134A24816E45BB90018AB95 /* CoreGraphics.framework */,
			);
			name = Frameworks;
			sourceTree = "<group>";
		};
		F134A24A16E45BB90018AB95 /* YelpProjectFinal */ = {
			isa = PBXGroup;
			children = (
				F134A25316E45BB90018AB95 /* AppDelegate.h */,
				F134A25416E45BB90018AB95 /* AppDelegate.m */,
				F134A25C16E45BBA0018AB95 /* MainStoryboard.storyboard */,
				F134A25F16E45BBA0018AB95 /* ViewController.h */,
				F134A26016E45BBA0018AB95 /* ViewController.m */,
				F134A24B16E45BB90018AB95 /* Supporting Files */,
			);
			path = YelpProjectFinal;
			sourceTree = "<group>";
		};
		F134A24B16E45BB90018AB95 /* Supporting Files */ = {
			isa = PBXGroup;
			children = (
				F134A24C16E45BB90018AB95 /* YelpProjectFinal-Info.plist */,
				F134A24D16E45BB90018AB95 /* InfoPlist.strings */,
				F134A25016E45BB90018AB95 /* main.m */,
				F134A25216E45BB90018AB95 /* YelpProjectFinal-Prefix.pch */,
				F134A25616E45BB90018AB95 /* Default.png */,
				F134A25816E45BB90018AB95 /* Default@2x.png */,
				F134A25A16E45BBA0018AB95 /* Default-568h@2x.png */,
			);
			name = "Supporting Files";
			sourceTree = "<group>";
		};
/* End PBXGroup section */

/* Begin PBXNativeTarget section */
		F134A24016E45BB90018AB95 /* YelpProjectFinal */ = {
			isa = PBXNativeTarget;
			buildConfigurationList = F134A26416E45BBA0018AB95 /* Build configuration list for PBXNativeTarget "YelpProjectFinal" */;
			buildPhases = (
				F134A23D16E45BB90018AB95 /* Sources */,
				F134A23E16E45BB90018AB95 /* Frameworks */,
				F134A23F16E45BB90018AB95 /* Resources */,
			);
			buildRules = (
			);
			dependencies = (
			);
			name = YelpProjectFinal;
			productName = YelpProjectFinal;
			productReference = F134A24116E45BB90018AB95 /* YelpProjectFinal.app */;
			productType = "com.apple.product-type.application";
		};
/* End PBXNativeTarget section */

/* Begin PBXProject section */
		F134A23916E45BB90018AB95 /* Project object */ = {
			isa = PBXProject;
			attributes = {
				LastUpgradeCheck = 0460;
				ORGANIZATIONNAME = "Nirav Amin";
			};
			buildConfigurationList = F134A23C16E45BB90018AB95 /* Build configuration list for PBXProject "YelpProjectFinal" */;
			compatibilityVersion = "Xcode 3.2";
			developmentRegion = English;
			hasScannedForEncodings = 0;
			knownRegions = (
				en,
			);
			mainGroup = F134A23816E45BB90018AB95;
			productRefGroup = F134A24216E45BB90018AB95 /* Products */;
			projectDirPath = "";
			projectRoot = "";
			targets = (
				F134A24016E45BB90018AB95 /* YelpProjectFinal */,
			);
		};
/* End PBXProject section */

/* Begin PBXResourcesBuildPhase section */
		F134A23F16E45BB90018AB95 /* Resources */ = {
			isa = PBXResourcesBuildPhase;
			buildActionMask = 2147483647;
			files = (
				F134A24F16E45BB90018AB95 /* InfoPlist.strings in Resources */,
				F134A25716E45BB90018AB95 /* Default.png in Resources */,
				F134A25916E45BB90018AB95 /* Default@2x.png in Resources */,
				F134A25B16E45BBA0018AB95 /* Default-568h@2x.png in Resources */,
				F134A25E16E45BBA0018AB95 /* MainStoryboard.storyboard in Resources */,
			);
			runOnlyForDeploymentPostprocessing = 0;
		};
/* End PBXResourcesBuildPhase section */

/* Begin PBXSourcesBuildPhase section */
		F134A23D16E45BB90018AB95 /* Sources */ = {
			isa = PBXSourcesBuildPhase;
			buildActionMask = 2147483647;
			files = (
				F134A25116E45BB90018AB95 /* main.m in Sources */,
				F134A25516E45BB90018AB95 /* AppDelegate.m in Sources */,
				F134A26116E45BBA0018AB95 /* ViewController.m in Sources */,
			);
			runOnlyForDeploymentPostprocessing = 0;
		};
/* End PBXSourcesBuildPhase section */

/* Begin PBXVariantGroup section */
		F134A24D16E45BB90018AB95 /* InfoPlist.strings */ = {
			isa = PBXVariantGroup;
			children = (
				F134A24E16E45BB90018AB95 /* en */,
			);
			name = InfoPlist.strings;
			sourceTree = "<group>";
		};
		F134A25C16E45BBA0018AB95 /* MainStoryboard.storyboard */ = {
			isa = PBXVariantGroup;
			children = (
				F134A25D16E45BBA0018AB95 /* en */,
			);
			name = MainStoryboard.storyboard;
			sourceTree = "<group>";
		};
/* End PBXVariantGroup section */

/* Begin XCBuildConfiguration section */
		F134A26216E45BBA0018AB95 /* Debug */ = {
			isa = XCBuildConfiguration;
			buildSettings = {
				ALWAYS_SEARCH_USER_PATHS = NO;
				CLANG_CXX_LANGUAGE_STANDARD = "gnu++0x";
				CLANG_CXX_LIBRARY = "libc++";
				CLANG_ENABLE_OBJC_ARC = YES;
				CLANG_WARN_CONSTANT_CONVERSION = YES;
				CLANG_WARN_EMPTY_BODY = YES;
				CLANG_WARN_ENUM_CONVERSION = YES;
				CLANG_WARN_INT_CONVERSION = YES;
				CLANG_WARN__DUPLICATE_METHOD_MATCH = YES;
				"CODE_SIGN_IDENTITY[sdk=iphoneos*]" = "iPhone Developer";
				COPY_PHASE_STRIP = NO;
				GCC_C_LANGUAGE_STANDARD = gnu99;
				GCC_DYNAMIC_NO_PIC = NO;
				GCC_OPTIMIZATION_LEVEL = 0;
				GCC_PREPROCESSOR_DEFINITIONS = (
					"DEBUG=1",
					"$(inherited)",
				);
				GCC_SYMBOLS_PRIVATE_EXTERN = NO;
				GCC_WARN_ABOUT_RETURN_TYPE = YES;
				GCC_WARN_UNINITIALIZED_AUTOS = YES;
				GCC_WARN_UNUSED_VARIABLE = YES;
				IPHONEOS_DEPLOYMENT_TARGET = 6.1;
				ONLY_ACTIVE_ARCH = YES;
				SDKROOT = iphoneos;
			};
			name = Debug;
		};
		F134A26316E45BBA0018AB95 /* Release */ = {
			isa = XCBuildConfiguration;
			buildSettings = {
				ALWAYS_SEARCH_USER_PATHS = NO;
				CLANG_CXX_LANGUAGE_STANDARD = "gnu++0x";
				CLANG_CXX_LIBRARY = "libc++";
				CLANG_ENABLE_OBJC_ARC = YES;
				CLANG_WARN_CONSTANT_CONVERSION = YES;
				CLANG_WARN_EMPTY_BODY = YES;
				CLANG_WARN_ENUM_CONVERSION = YES;
				CLANG_WARN_INT_CONVERSION = YES;
				CLANG_WARN__DUPLICATE_METHOD_MATCH = YES;
				"CODE_SIGN_IDENTITY[sdk=iphoneos*]" = "iPhone Developer";
				COPY_PHASE_STRIP = YES;
				GCC_C_LANGUAGE_STANDARD = gnu99;
				GCC_WARN_ABOUT_RETURN_TYPE = YES;
				GCC_WARN_UNINITIALIZED_AUTOS = YES;
				GCC_WARN_UNUSED_VARIABLE = YES;
				IPHONEOS_DEPLOYMENT_TARGET = 6.1;
				OTHER_CFLAGS = "-DNS_BLOCK_ASSERTIONS=1";
				SDKROOT = iphoneos;
				VALIDATE_PRODUCT = YES;
			};
			name = Release;
		};
		F134A26516E45BBA0018AB95 /* Debug */ = {
			isa = XCBuildConfiguration;
			buildSettings = {
				GCC_PRECOMPILE_PREFIX_HEADER = YES;
				GCC_PREFIX_HEADER = "YelpProjectFinal/YelpProjectFinal-Prefix.pch";
				INFOPLIST_FILE = "YelpProjectFinal/YelpProjectFinal-Info.plist";
				PRODUCT_NAME = "$(TARGET_NAME)";
				WRAPPER_EXTENSION = app;
			};
			name = Debug;
		};
		F134A26616E45BBA0018AB95 /* Release */ = {
			isa = XCBuildConfiguration;
			buildSettings = {
				GCC_PRECOMPILE_PREFIX_HEADER = YES;
				GCC_PREFIX_HEADER = "YelpProjectFinal/YelpProjectFinal-Prefix.pch";
				INFOPLIST_FILE = "YelpProjectFinal/YelpProjectFinal-Info.plist";
				PRODUCT_NAME = "$(TARGET_NAME)";
				WRAPPER_EXTENSION = app;
			};
			name = Release;
		};
/* End XCBuildConfiguration section */

/* Begin XCConfigurationList section */
		F134A23C16E45BB90018AB95 /* Build configuration list for PBXProject "YelpProjectFinal" */ = {
			isa = XCConfigurationList;
			buildConfigurations = (
				F134A26216E45BBA0018AB95 /* Debug */,
				F134A26316E45BBA0018AB95 /* Release */,
			);
			defaultConfigurationIsVisible = 0;
			defaultConfigurationName = Release;
		};
		F134A26416E45BBA0018AB95 /* Build configuration list for PBXNativeTarget "YelpProjectFinal" */ = {
			isa = XCConfigurationList;
			buildConfigurations = (
				F134A26516E45BBA0018AB95 /* Debug */,
				F134A26616E45BBA0018AB95 /* Release */,
			);
			defaultConfigurationIsVisible = 0;
		};
/* End XCConfigurationList section */
	};
	rootObject = F134A23916E45BB90018AB95 /* Project object */;
}
